{
  "name": "dispatch-terminal-mcp",
  "version": "1.0.0",
  "lockfileVersion": 3,
  "requires": true,
  "packages": {
    "": {
      "name": "dispatch-terminal-mcp",
      "version": "1.0.0",
      "license": "ISC",
      "dependencies": {
        "@xterm/headless": "^6.0.0",
        "node-pty": "^1.1.0",
        "strip-ansi": "^7.2.0",
        "xterm-headless": "^5.3.0"
      },
      "bin": {
        "dispatch": "src/cli.js"
      }
    },
    "node_modules/@xterm/headless": {
      "version": "6.0.0",
      "resolved": "https://registry.npmjs.org/@xterm/headless/-/headless-6.0.0.tgz",
      "integrity": "sha512-5Yj1QINYCyzrZtf8OFIHi47iQtI+0qYFPHmouEfG8dHNxbZ9Tb9YGSuLcsEwj9Z+OL75GJqPyJbyoFer80a2Hw==",
      "license": "MIT",
      "workspaces": [
        "addons/*"
      ]
    },
    "node_modules/ansi-regex": {
      "version": "6.2.2",
      "resolved": "https://registry.npmjs.org/ansi-regex/-/ansi-regex-6.2.2.tgz",
      "integrity": "sha512-Bq3SmSpyFHaWjPk8If9yc6svM8c56dB5BAtW4Qbw5jHTwwXXcTLoRMkpDJp6VL0XzlWaCHTXrkFURMYmD0sLqg==",
      "license": "MIT",
      "engines": {
        "node": ">=12"
      },
      "funding": {
        "url": "https://github.com/chalk/ansi-regex?sponsor=1"
      }
    },
    "node_modules/node-addon-api": {
      "version": "7.1.1",
      "resolved": "https://registry.npmjs.org/node-addon-api/-/node-addon-api-7.1.1.tgz",
      "integrity": "sha512-5m3bsyrjFWE1xf7nz7YXdN4udnVtXK6/Yfgn5qnahL6bCkf2yKt4k3nuTKAtT4r3IG8JNR2ncsIMdZuAzJjHQQ==",
      "license": "MIT"
    },
    "node_modules/node-pty": {
      "version": "1.1.0",
      "resolved": "https://registry.npmjs.org/node-pty/-/node-pty-1.1.0.tgz",
      "integrity": "sha512-20JqtutY6JPXTUnL0ij1uad7Qe1baT46lyolh2sSENDd4sTzKZ4nmAFkeAARDKwmlLjPx6XKRlwRUxwjOy+lUg==",
      "hasInstallScript": true,
      "license": "MIT",
      "dependencies": {
        "node-addon-api": "^7.1.0"
      }
    },
    "node_modules/strip-ansi": {
      "version": "7.2.0",
      "resolved": "https://registry.npmjs.org/strip-ansi/-/strip-ansi-7.2.0.tgz",
      "integrity": "sha512-yDPMNjp4WyfYBkHnjIRLfca1i6KMyGCtsVgoKe/z1+6vukgaENdgGBZt+ZmKPc4gavvEZ5OgHfHdrazhgNyG7w==",
      "license": "MIT",
      "dependencies": {
        "ansi-regex": "^6.2.2"
      },
      "engines": {
        "node": ">=12"
      },
      "funding": {
        "url": "https://github.com/chalk/strip-ansi?sponsor=1"
      }
    },
    "node_modules/xterm-headless": {
      "version": "5.3.0",
      "resolved": "https://registry.npmjs.org/xterm-headless/-/xterm-headless-5.3.0.tgz",
      "integrity": "sha512-HjKkEgvjlyXfZvI0LdQChOqGL5nDiXge6X2IvoQbOn+oavAKUCX9hKHtDxmWVwxgNCCvXDnfQCYL+3wyHQ9PXA==",
      "deprecated": "This package is now deprecated. Move to @xterm/headless instead.",
      "license": "MIT"
    }
  }
}
